github.com/IMQS/cli v1.2.0 h1:EiE9quapc4oTqsxTvePXUYItjQqHY1wvYowv9yVwdQ4=
github.com/IMQS/cli v1.2.0/go.mod h1:akJbgr8eL96PMWu+emyhyHXayVXRbhT3j0vADzfQwt0=
github.com/IMQS/gowinsvc v1.2.0 h1:kcz6vm2NxLYpkaDZJ893zmD/ekh/MyZnR2arTnWIXZA=
github.com/IMQS/gowinsvc v1.2.0/go.mod h1:o52o7JAKlJRwJgZD4F8Ld9u835cerQk6gpINGsZHdac=
github.com/IMQS/log v1.4.0 h1:7l0zromSMkMIqNMjeiPwL2BObZkO0X0LfoKWR/CdImE=
github.com/IMQS/log v1.4.0/go.mod h1:EVm4FzOIBh22Ucdy4n01j725B85Z7We3LaRKCVozvy8=
github.com/IMQS/serviceconfigsgo v1.4.0 h1:SDUrElceM+USiahvPjyaOHMMvzs2W9mjaKTX0F/yG2o=
github.com/IMQS/serviceconfigsgo v1.4.0/go.mod h1:XKlWlm9voI4/6XeXhMDd0q5JzZT0pMxU+3JDef9y9u4=
golang.org/x/sys v0.0.0-20211111213525-f221eed1c01e h1:zeJt6jBtVDK23XK9QXcmG0FvO0elikp0dYZQZOeL1y0=
golang.org/x/sys v0.0.0-20211111213525-f221eed1c01e/go.mod h1:oPkhp1MJrh7nUepCBck5+mAzfO9JrbApNNgaTdGDITg=
gopkg.in/natefinch/lumberjack.v2 v2.2.1 h1:bBRl1b0OH9s/DuPhuXpNl+VtCaJXFZ5/uEFST95x9zc=
gopkg.in/natefinch/lumberjack.v2 v2.2.1/go.mod h1:YD8tP3GAjkrDg1eZH7EGmyESg/lsYskCTPBJVb9jqSc=
