github.com/IMQS/cli v1.1.0 h1:NWlrXpF1sl0iwZBrkEbBybJpQWzyhJwl1SwGichqXi4=
github.com/IMQS/cli v1.1.0/go.mod h1:e/OKL96j63rT87Dh0Ddv5CAP0a00WkgGUGNuaBZgz3A=
github.com/IMQS/gowinsvc v1.1.0 h1:7mpfYfp3jxxPZs2jm215D1tgFgS9e5Dy6GeVYYrMmss=
github.com/IMQS/gowinsvc v1.1.0/go.mod h1:emLUr88tKfII5slRA2rsF0a4b3RTyvWYlbfoaRNzb3k=
github.com/IMQS/log v1.2.0 h1:I//lb7o5UMbaVhl1NmuQUBA+3JFTrNrJvM7pmKwljdU=
github.com/IMQS/log v1.2.0/go.mod h1:lhDFayH4IGud7fBofv5J96mv4kUdImx64hbk1U9sBrE=
github.com/IMQS/serviceconfigsgo v1.3.0 h1:FSHzBWAj7BY09uc7ctFqsQWmA3UCNkyWFsX0LkfBX9Q=
github.com/IMQS/serviceconfigsgo v1.3.0/go.mod h1:pZ8H581aVqYlLZIlCq6yLfSUa4zUpJbwE/EGKfUxOLg=
golang.org/x/sys v0.0.0-20211111213525-f221eed1c01e h1:zeJt6jBtVDK23XK9QXcmG0FvO0elikp0dYZQZOeL1y0=
golang.org/x/sys v0.0.0-20211111213525-f221eed1c01e/go.mod h1:oPkhp1MJrh7nUepCBck5+mAzfO9JrbApNNgaTdGDITg=
gopkg.in/natefinch/lumberjack.v2 v2.2.1 h1:bBRl1b0OH9s/DuPhuXpNl+VtCaJXFZ5/uEFST95x9zc=
gopkg.in/natefinch/lumberjack.v2 v2.2.1/go.mod h1:YD8tP3GAjkrDg1eZH7EGmyESg/lsYskCTPBJVb9jqSc=
